
Microsoft Visual Studio Solution File, Format Version 12.00
# Visual Studio Version 17
VisualStudioVersion = 17.14.36414.22
MinimumVisualStudioVersion = 10.0.40219.1
Project("{FAE04EC0-301F-11D3-BF4B-00C04F79EFBC}") = "LogicLayer", "LogicLayer\LogicLayer.csproj", "{6369E3A2-8F66-4F55-A26B-4D31A9213A95}"
EndProject
Project("{FAE04EC0-301F-11D3-BF4B-00C04F79EFBC}") = "PruebaConsola", "PruebaConsola\PruebaConsola.csproj", "{8468722B-179A-4B91-9D9D-8A7A7A458624}"
EndProject
Project("{FAE04EC0-301F-11D3-BF4B-00C04F79EFBC}") = "InterfazGrafica", "InterfazGrafica\InterfazGrafica.csproj", "{006B91E4-0991-7CDA-A19B-CC1171692BB6}"
EndProject
Global
	GlobalSection(SolutionConfigurationPlatforms) = preSolution
		Debug|Any CPU = Debug|Any CPU
		Release|Any CPU = Release|Any CPU
	EndGlobalSection
	GlobalSection(ProjectConfigurationPlatforms) = postSolution
		{6369E3A2-8F66-4F55-A26B-4D31A9213A95}.Debug|Any CPU.ActiveCfg = Debug|Any CPU
		{6369E3A2-8F66-4F55-A26B-4D31A9213A95}.Debug|Any CPU.Build.0 = Debug|Any CPU
		{6369E3A2-8F66-4F55-A26B-4D31A9213A95}.Release|Any CPU.ActiveCfg = Release|Any CPU
		{6369E3A2-8F66-4F55-A26B-4D31A9213A95}.Release|Any CPU.Build.0 = Release|Any CPU
		{8468722B-179A-4B91-9D9D-8A7A7A458624}.Debug|Any CPU.ActiveCfg = Debug|Any CPU
		{8468722B-179A-4B91-9D9D-8A7A7A458624}.Debug|Any CPU.Build.0 = Debug|Any CPU
		{8468722B-179A-4B91-9D9D-8A7A7A458624}.Release|Any CPU.ActiveCfg = Release|Any CPU
		{8468722B-179A-4B91-9D9D-8A7A7A458624}.Release|Any CPU.Build.0 = Release|Any CPU
		{006B91E4-0991-7CDA-A19B-CC1171692BB6}.Debug|Any CPU.ActiveCfg = Debug|Any CPU
		{006B91E4-0991-7CDA-A19B-CC1171692BB6}.Debug|Any CPU.Build.0 = Debug|Any CPU
		{006B91E4-0991-7CDA-A19B-CC1171692BB6}.Release|Any CPU.ActiveCfg = Release|Any CPU
		{006B91E4-0991-7CDA-A19B-CC1171692BB6}.Release|Any CPU.Build.0 = Release|Any CPU
	EndGlobalSection
	GlobalSection(SolutionProperties) = preSolution
		HideSolutionNode = FALSE
	EndGlobalSection
	GlobalSection(ExtensibilityGlobals) = postSolution
		SolutionGuid = {4D024063-F1EC-4595-B884-19ED0F9D4664}
	EndGlobalSection
EndGlobal
